// !$*UTF8*$!
{
	archiveVersion = 1;
	classes = {
	};
	objectVersion = 46;
	objects = {

/* Begin PBXBuildFile section */
		6B0AC3781C66D8160025BBB8 /* Number.swift in Sources */ = {isa = PBXBuildFile; fileRef = 6B0AC3771C66D8160025BBB8 /* Number.swift */; };
		6B1B216C1C66EB8D00DC9E55 /* HexNum.swift in Sources */ = {isa = PBXBuildFile; fileRef = 6B1B216B1C66EB8D00DC9E55 /* HexNum.swift */; };
		6B1B216E1C66EC7C00DC9E55 /* BinNum.swift in Sources */ = {isa = PBXBuildFile; fileRef = 6B1B216D1C66EC7C00DC9E55 /* BinNum.swift */; };
		6BE93CA81C62431800A0906D /* AppDelegate.swift in Sources */ = {isa = PBXBuildFile; fileRef = 6BE93CA71C62431800A0906D /* AppDelegate.swift */; };
		6BE93CAA1C62431800A0906D /* ViewController.swift in Sources */ = {isa = PBXBuildFile; fileRef = 6BE93CA91C62431800A0906D /* ViewController.swift */; };
		6BE93CAD1C62431800A0906D /* Main.storyboard in Resources */ = {isa = PBXBuildFile; fileRef = 6BE93CAB1C62431800A0906D /* Main.storyboard */; };
		6BE93CAF1C62431800A0906D /* Assets.xcassets in Resources */ = {isa = PBXBuildFile; fileRef = 6BE93CAE1C62431800A0906D /* Assets.xcassets */; };
		6BE93CB21C62431800A0906D /* LaunchScreen.storyboard in Resources */ = {isa = PBXBuildFile; fileRef = 6BE93CB01C62431800A0906D /* LaunchScreen.storyboard */; };
/* End PBXBuildFile section */

/* Begin PBXFileReference section */
		6B0AC3771C66D8160025BBB8 /* Number.swift */ = {isa = PBXFileReference; fileEncoding = 4; lastKnownFileType = sourcecode.swift; path = Number.swift; sourceTree = "<group>"; };
		6B1B216B1C66EB8D00DC9E55 /* HexNum.swift */ = {isa = PBXFileReference; fileEncoding = 4; lastKnownFileType = sourcecode.swift; path = HexNum.swift; sourceTree = "<group>"; };
		6B1B216D1C66EC7C00DC9E55 /* BinNum.swift */ = {isa = PBXFileReference; fileEncoding = 4; lastKnownFileType = sourcecode.swift; path = BinNum.swift; sourceTree = "<group>"; };
		6BE93CA41C62431800A0906D /* Number Byter.app */ = {isa = PBXFileReference; explicitFileType = wrapper.application; includeInIndex = 0; path = "Number Byter.app"; sourceTree = BUILT_PRODUCTS_DIR; };
		6BE93CA71C62431800A0906D /* AppDelegate.swift */ = {isa = PBXFileReference; lastKnownFileType = sourcecode.swift; path = AppDelegate.swift; sourceTree = "<group>"; };
		6BE93CA91C62431800A0906D /* ViewController.swift */ = {isa = PBXFileReference; lastKnownFileType = sourcecode.swift; path = ViewController.swift; sourceTree = "<group>"; };
		6BE93CAC1C62431800A0906D /* Base */ = {isa = PBXFileReference; lastKnownFileType = file.storyboard; name = Base; path = Base.lproj/Main.storyboard; sourceTree = "<group>"; };
		6BE93CAE1C62431800A0906D /* Assets.xcassets */ = {isa = PBXFileReference; lastKnownFileType = folder.assetcatalog; path = Assets.xcassets; sourceTree = "<group>"; };
		6BE93CB11C62431800A0906D /* Base */ = {isa = PBXFileReference; lastKnownFileType = file.storyboard; name = Base; path = Base.lproj/LaunchScreen.storyboard; sourceTree = "<group>"; };
		6BE93CB31C62431800A0906D /* Info.plist */ = {isa = PBXFileReference; lastKnownFileType = text.plist.xml; path = Info.plist; sourceTree = "<group>"; };
/* End PBXFileReference section */

/* Begin PBXFrameworksBuildPhase section */
		6BE93CA11C62431800A0906D /* Frameworks */ = {
			isa = PBXFrameworksBuildPhase;
			buildActionMask = 2147483647;
			files = (
			);
			runOnlyForDeploymentPostprocessing = 0;
		};
/* End PBXFrameworksBuildPhase section */

/* Begin PBXGroup section */
		6BE93C9B1C62431700A0906D = {
			isa = PBXGroup;
			children = (
				6BE93CA61C62431800A0906D /* Number Byter */,
				6BE93CA51C62431800A0906D /* Products */,
			);
			sourceTree = "<group>";
		};
		6BE93CA51C62431800A0906D /* Products */ = {
			isa = PBXGroup;
			children = (
				6BE93CA41C62431800A0906D /* Number Byter.app */,
			);
			name = Products;
			sourceTree = "<group>";
		};
		6BE93CA61C62431800A0906D /* Number Byter */ = {
			isa = PBXGroup;
			children = (
				6BE93CA71C62431800A0906D /* AppDelegate.swift */,
				6BE93CA91C62431800A0906D /* ViewController.swift */,
				6B0AC3771C66D8160025BBB8 /* Number.swift */,
				6B1B216D1C66EC7C00DC9E55 /* BinNum.swift */,
				6B1B216B1C66EB8D00DC9E55 /* HexNum.swift */,
				6BE93CAB1C62431800A0906D /* Main.storyboard */,
				6BE93CAE1C62431800A0906D /* Assets.xcassets */,
				6BE93CB01C62431800A0906D /* LaunchScreen.storyboard */,
				6BE93CB31C62431800A0906D /* Info.plist */,
			);
			path = "Number Byter";
			sourceTree = "<group>";
		};
/* End PBXGroup section */

/* Begin PBXNativeTarget section */
		6BE93CA31C62431800A0906D /* Number Byter */ = {
			isa = PBXNativeTarget;
			buildConfigurationList = 6BE93CB61C62431800A0906D /* Build configuration list for PBXNativeTarget "Number Byter" */;
			buildPhases = (
				6BE93CA01C62431800A0906D /* Sources */,
				6BE93CA11C62431800A0906D /* Frameworks */,
				6BE93CA21C62431800A0906D /* Resources */,
			);
			buildRules = (
			);
			dependencies = (
			);
			name = "Number Byter";
			productName = "Number Byter";
			productReference = 6BE93CA41C62431800A0906D /* Number Byter.app */;
			productType = "com.apple.product-type.application";
		};
/* End PBXNativeTarget section */

/* Begin PBXProject section */
		6BE93C9C1C62431700A0906D /* Project object */ = {
			isa = PBXProject;
			attributes = {
				LastUpgradeCheck = 0700;
				ORGANIZATIONNAME = Canvas;
				TargetAttributes = {
					6BE93CA31C62431800A0906D = {
						CreatedOnToolsVersion = 7.0;
						DevelopmentTeam = V5NVPKUCGJ;
					};
				};
			};
			buildConfigurationList = 6BE93C9F1C62431700A0906D /* Build configuration list for PBXProject "Number Byter" */;
			compatibilityVersion = "Xcode 3.2";
			developmentRegion = English;
			hasScannedForEncodings = 0;
			knownRegions = (
				en,
				Base,
			);
			mainGroup = 6BE93C9B1C62431700A0906D;
			productRefGroup = 6BE93CA51C62431800A0906D /* Products */;
			projectDirPath = "";
			projectRoot = "";
			targets = (
				6BE93CA31C62431800A0906D /* Number Byter */,
			);
		};
/* End PBXProject section */

/* Begin PBXResourcesBuildPhase section */
		6BE93CA21C62431800A0906D /* Resources */ = {
			isa = PBXResourcesBuildPhase;
			buildActionMask = 2147483647;
			files = (
				6BE93CB21C62431800A0906D /* LaunchScreen.storyboard in Resources */,
				6BE93CAF1C62431800A0906D /* Assets.xcassets in Resources */,
				6BE93CAD1C62431800A0906D /* Main.storyboard in Resources */,
			);
			runOnlyForDeploymentPostprocessing = 0;
		};
/* End PBXResourcesBuildPhase section */

/* Begin PBXSourcesBuildPhase section */
		6BE93CA01C62431800A0906D /* Sources */ = {
			isa = PBXSourcesBuildPhase;
			buildActionMask = 2147483647;
			files = (
				6B1B216C1C66EB8D00DC9E55 /* HexNum.swift in Sources */,
				6B1B216E1C66EC7C00DC9E55 /* BinNum.swift in Sources */,
				6B0AC3781C66D8160025BBB8 /* Number.swift in Sources */,
				6BE93CAA1C62431800A0906D /* ViewController.swift in Sources */,
				6BE93CA81C62431800A0906D /* AppDelegate.swift in Sources */,
			);
			runOnlyForDeploymentPostprocessing = 0;
		};
/* End PBXSourcesBuildPhase section */

/* Begin PBXVariantGroup section */
		6BE93CAB1C62431800A0906D /* Main.storyboard */ = {
			isa = PBXVariantGroup;
			children = (
				6BE93CAC1C62431800A0906D /* Base */,
			);
			name = Main.storyboard;
			sourceTree = "<group>";
		};
		6BE93CB01C62431800A0906D /* LaunchScreen.storyboard */ = {
			isa = PBXVariantGroup;
			children = (
				6BE93CB11C62431800A0906D /* Base */,
			);
			name = LaunchScreen.storyboard;
			sourceTree = "<group>";
		};
/* End PBXVariantGroup section */

/* Begin XCBuildConfiguration section */
		6BE93CB41C62431800A0906D /* Debug */ = {
			isa = XCBuildConfiguration;
			buildSettings = {
				ALWAYS_SEARCH_USER_PATHS = NO;
				CLANG_CXX_LANGUAGE_STANDARD = "gnu++0x";
				CLANG_CXX_LIBRARY = "libc++";
				CLANG_ENABLE_MODULES = YES;
				CLANG_ENABLE_OBJC_ARC = YES;
				CLANG_WARN_BOOL_CONVERSION = YES;
				CLANG_WARN_CONSTANT_CONVERSION = YES;
				CLANG_WARN_DIRECT_OBJC_ISA_USAGE = YES_ERROR;
				CLANG_WARN_EMPTY_BODY = YES;
				CLANG_WARN_ENUM_CONVERSION = YES;
				CLANG_WARN_INT_CONVERSION = YES;
				CLANG_WARN_OBJC_ROOT_CLASS = YES_ERROR;
				CLANG_WARN_UNREACHABLE_CODE = YES;
				CLANG_WARN__DUPLICATE_METHOD_MATCH = YES;
				"CODE_SIGN_IDENTITY[sdk=iphoneos*]" = "iPhone Developer";
				COPY_PHASE_STRIP = NO;
				DEBUG_INFORMATION_FORMAT = dwarf;
				ENABLE_STRICT_OBJC_MSGSEND = YES;
				ENABLE_TESTABILITY = YES;
				GCC_C_LANGUAGE_STANDARD = gnu99;
				GCC_DYNAMIC_NO_PIC = NO;
				GCC_NO_COMMON_BLOCKS = YES;
				GCC_OPTIMIZATION_LEVEL = 0;
				GCC_PREPROCESSOR_DEFINITIONS = (
					"DEBUG=1",
					"$(inherited)",
				);
				GCC_WARN_64_TO_32_BIT_CONVERSION = YES;
				GCC_WARN_ABOUT_RETURN_TYPE = YES_ERROR;
				GCC_WARN_UNDECLARED_SELECTOR = YES;
				GCC_WARN_UNINITIALIZED_AUTOS = YES_AGGRESSIVE;
				GCC_WARN_UNUSED_FUNCTION = YES;
				GCC_WARN_UNUSED_VARIABLE = YES;
				IPHONEOS_DEPLOYMENT_TARGET = 9.0;
				MTL_ENABLE_DEBUG_INFO = YES;
				ONLY_ACTIVE_ARCH = YES;
				SDKROOT = iphoneos;
				SWIFT_OPTIMIZATION_LEVEL = "-Onone";
			};
			name = Debug;
		};
		6BE93CB51C62431800A0906D /* Release */ = {
			isa = XCBuildConfiguration;
			buildSettings = {
				ALWAYS_SEARCH_USER_PATHS = NO;
				CLANG_CXX_LANGUAGE_STANDARD = "gnu++0x";
				CLANG_CXX_LIBRARY = "libc++";
				CLANG_ENABLE_MODULES = YES;
				CLANG_ENABLE_OBJC_ARC = YES;
				CLANG_WARN_BOOL_CONVERSION = YES;
				CLANG_WARN_CONSTANT_CONVERSION = YES;
				CLANG_WARN_DIRECT_OBJC_ISA_USAGE = YES_ERROR;
				CLANG_WARN_EMPTY_BODY = YES;
				CLANG_WARN_ENUM_CONVERSION = YES;
				CLANG_WARN_INT_CONVERSION = YES;
				CLANG_WARN_OBJC_ROOT_CLASS = YES_ERROR;
				CLANG_WARN_UNREACHABLE_CODE = YES;
				CLANG_WARN__DUPLICATE_METHOD_MATCH = YES;
				"CODE_SIGN_IDENTITY[sdk=iphoneos*]" = "iPhone Developer";
				COPY_PHASE_STRIP = NO;
				DEBUG_INFORMATION_FORMAT = "dwarf-with-dsym";
				ENABLE_NS_ASSERTIONS = NO;
				ENABLE_STRICT_OBJC_MSGSEND = YES;
				GCC_C_LANGUAGE_STANDARD = gnu99;
				GCC_NO_COMMON_BLOCKS = YES;
				GCC_WARN_64_TO_32_BIT_CONVERSION = YES;
				GCC_WARN_ABOUT_RETURN_TYPE = YES_ERROR;
				GCC_WARN_UNDECLARED_SELECTOR = YES;
				GCC_WARN_UNINITIALIZED_AUTOS = YES_AGGRESSIVE;
				GCC_WARN_UNUSED_FUNCTION = YES;
				GCC_WARN_UNUSED_VARIABLE = YES;
				IPHONEOS_DEPLOYMENT_TARGET = 9.0;
				MTL_ENABLE_DEBUG_INFO = NO;
				SDKROOT = iphoneos;
				VALIDATE_PRODUCT = YES;
			};
			name = Release;
		};
		6BE93CB71C62431800A0906D /* Debug */ = {
			isa = XCBuildConfiguration;
			buildSettings = {
				ASSETCATALOG_COMPILER_APPICON_NAME = AppIcon;
				INFOPLIST_FILE = "Number Byter/Info.plist";
				LD_RUNPATH_SEARCH_PATHS = "$(inherited) @executable_path/Frameworks";
				PRODUCT_BUNDLE_IDENTIFIER = "com.Canvas.Number-Byter";
				PRODUCT_NAME = "$(TARGET_NAME)";
			};
			name = Debug;
		};
		6BE93CB81C62431800A0906D /* Release */ = {
			isa = XCBuildConfiguration;
			buildSettings = {
				ASSETCATALOG_COMPILER_APPICON_NAME = AppIcon;
				INFOPLIST_FILE = "Number Byter/Info.plist";
				LD_RUNPATH_SEARCH_PATHS = "$(inherited) @executable_path/Frameworks";
				PRODUCT_BUNDLE_IDENTIFIER = "com.Canvas.Number-Byter";
				PRODUCT_NAME = "$(TARGET_NAME)";
			};
			name = Release;
		};
/* End XCBuildConfiguration section */

/* Begin XCConfigurationList section */
		6BE93C9F1C62431700A0906D /* Build configuration list for PBXProject "Number Byter" */ = {
			isa = XCConfigurationList;
			buildConfigurations = (
				6BE93CB41C62431800A0906D /* Debug */,
				6BE93CB51C62431800A0906D /* Release */,
			);
			defaultConfigurationIsVisible = 0;
			defaultConfigurationName = Release;
		};
		6BE93CB61C62431800A0906D /* Build configuration list for PBXNativeTarget "Number Byter" */ = {
			isa = XCConfigurationList;
			buildConfigurations = (
				6BE93CB71C62431800A0906D /* Debug */,
				6BE93CB81C62431800A0906D /* Release */,
			);
			defaultConfigurationIsVisible = 0;
			defaultConfigurationName = Release;
		};
/* End XCConfigurationList section */
	};
	rootObject = 6BE93C9C1C62431700A0906D /* Project object */;
}
